
Microsoft Visual Studio Solution File, Format Version 12.00
# Visual Studio Version 17
VisualStudioVersion = 17.8.34322.80
MinimumVisualStudioVersion = 10.0.40219.1
Project("{9A19103F-16F7-4668-BE54-9A1E7A4F7556}") = "ClinicManagementWeb", "ClinicManagementWeb.csproj", "{A5D46EDF-1B2F-4916-8AF6-15037E996705}"
EndProject
Project("{9A19103F-16F7-4668-BE54-9A1E7A4F7556}") = "DataAccess", "..\DataAccess\DataAccess.csproj", "{BCDBEEA7-640F-4A96-8418-6C00792D40D7}"
EndProject
Project("{9A19103F-16F7-4668-BE54-9A1E7A4F7556}") = "Models", "..\Models\Models.csproj", "{9397B9B7-203E-44DC-92E0-0A8A7F54867E}"
EndProject
Global
	GlobalSection(SolutionConfigurationPlatforms) = preSolution
		Debug|Any CPU = Debug|Any CPU
		Release|Any CPU = Release|Any CPU
	EndGlobalSection
	GlobalSection(ProjectConfigurationPlatforms) = postSolution
		{A5D46EDF-1B2F-4916-8AF6-15037E996705}.Debug|Any CPU.ActiveCfg = Debug|Any CPU
		{A5D46EDF-1B2F-4916-8AF6-15037E996705}.Debug|Any CPU.Build.0 = Debug|Any CPU
		{A5D46EDF-1B2F-4916-8AF6-15037E996705}.Release|Any CPU.ActiveCfg = Release|Any CPU
		{A5D46EDF-1B2F-4916-8AF6-15037E996705}.Release|Any CPU.Build.0 = Release|Any CPU
		{BCDBEEA7-640F-4A96-8418-6C00792D40D7}.Debug|Any CPU.ActiveCfg = Debug|Any CPU
		{BCDBEEA7-640F-4A96-8418-6C00792D40D7}.Debug|Any CPU.Build.0 = Debug|Any CPU
		{BCDBEEA7-640F-4A96-8418-6C00792D40D7}.Release|Any CPU.ActiveCfg = Release|Any CPU
		{BCDBEEA7-640F-4A96-8418-6C00792D40D7}.Release|Any CPU.Build.0 = Release|Any CPU
		{9397B9B7-203E-44DC-92E0-0A8A7F54867E}.Debug|Any CPU.ActiveCfg = Debug|Any CPU
		{9397B9B7-203E-44DC-92E0-0A8A7F54867E}.Debug|Any CPU.Build.0 = Debug|Any CPU
		{9397B9B7-203E-44DC-92E0-0A8A7F54867E}.Release|Any CPU.ActiveCfg = Release|Any CPU
		{9397B9B7-203E-44DC-92E0-0A8A7F54867E}.Release|Any CPU.Build.0 = Release|Any CPU
	EndGlobalSection
	GlobalSection(SolutionProperties) = preSolution
		HideSolutionNode = FALSE
	EndGlobalSection
	GlobalSection(ExtensibilityGlobals) = postSolution
		SolutionGuid = {EFE6B7C2-3C73-48B8-8B85-439932A706FB}
	EndGlobalSection
EndGlobal
